{
  "version": "5",
  "specifiers": {
    "npm:supabase@2.120.0": "2.120.0"
  },
  "npm": {
    "@ecies/ciphers@0.2.6_@noble+ciphers@1.3.0": {
      "integrity": "sha512-patgsRPKGkhhoBjETV4XxD0En4ui5fbX0hzayqI3M8tvNMGUoUvmyYAIWwlxBc1KX5cturfqByYdj5bYGRpN9g==",
      "dependencies": [
        "@noble/ciphers"
      ]
    },
    "@noble/ciphers@1.3.0": {
      "integrity": "sha512-2I0gnIVPtfnMw9ee9h1dJG7tp81+8Ob3OJb3Mv37rx5L40/b0i7djjCVvGOVqc9AEIQyvyu1i6ypKdFw8R8gQw=="
    },
    "@noble/curves@1.9.7": {
      "integrity": "sha512-gbKGcRUYIjA3/zCCNaWDciTMFI0dCkvou3TL8Zmy5Nc7sJ47a0jtOeZoTaMxkuqRo9cRhjOdZJXegxYE5FN/xw==",
      "dependencies": [
        "@noble/hashes"
      ]
    },
    "@noble/hashes@1.8.0": {
      "integrity": "sha512-jCs9ldd7NwzpgXDIf6P3+NrHh9/sD6CQdxHyjQI+h/6rDNo88ypBxxz45UDuZHz9r3tNz7N/VInSVoVdtXEI4A=="
    },
    "@supabase/cli-darwin-arm64@2.120.0": {
      "integrity": "sha512-GXjW2+J4dGYjbZW0oeDs9y8+Eo/AloRYkbc7LpZmKagc1NYVPzQyviSHZ8LzidCXGlNF3Gds3k8UetjTQQmXbQ==",
      "os": ["darwin"],
      "cpu": ["arm64"]
    },
    "@supabase/cli-darwin-x64@2.120.0": {
      "integrity": "sha512-o6ISS9smQnNfpws2nqs3e9lxA0UTsWGI9LAvz2zMymRm11Iy8vZIeOXHV8BbGQWtqxLgfiHHCVvBLE9/41AKQA==",
      "os": ["darwin"],
      "cpu": ["x64"]
    },
    "@supabase/cli-linux-arm64-musl@2.120.0": {
      "integrity": "sha512-+4IwiBpGOQgLFeEG6RImxSUrMHo+LDsFNGJ4WLoLBOozFaippoz5J6CnNpVSTeJj9QaOX3G9iVsL/wYF6P1Cxw==",
      "os": ["linux"],
      "cpu": ["arm64"]
    },
    "@supabase/cli-linux-arm64@2.120.0": {
      "integrity": "sha512-pmR61xpBmzUc79gkh3sE42KtBkludBXex1TIQTVY6jkTjs2+JhJYNKxR7udeaFgxFpiV+zTeAyqJBYXLibxQJw==",
      "os": ["linux"],
      "cpu": ["arm64"]
    },
    "@supabase/cli-linux-x64-musl@2.120.0": {
      "integrity": "sha512-YIrqu1+hBiLwYIk1HKesrfIm2ycQIsOfN5VGV3r/okQx8JyWl9Jrw7emKVS/F+1afe+1MqKEBP70B0PbuvX+jQ==",
      "os": ["linux"],
      "cpu": ["x64"]
    },
    "@supabase/cli-linux-x64@2.120.0": {
      "integrity": "sha512-IWJ0yFefhX/69ofcgJfN8MyOC9TtCG4SLrlMCvXjH3vZXxnRkiVNggxQqUCIhshS9Afa+q17DRbQen7/IZTL4A==",
      "os": ["linux"],
      "cpu": ["x64"]
    },
    "@supabase/cli-windows-arm64@2.120.0": {
      "integrity": "sha512-U+IDegKWC4xXxk7aCRUUy2ZTJ4bwwrcVlnzG1VJqC7nB7SLgMiyUMyvuo1tB+Xt8hHf0hkuViNtohnXPdZHCIQ==",
      "os": ["win32"],
      "cpu": ["arm64"]
    },
    "@supabase/cli-windows-x64@2.120.0": {
      "integrity": "sha512-y96p4JdUuKygzUDCRo1T8yEiLbyWIiL/4Qdnmgu/X84WJOZmji/TlW5ThqDllsQuGWbkgovy+6LLqWKHk330XQ==",
      "os": ["win32"],
      "cpu": ["x64"]
    },
    "eciesjs@0.5.0": {
      "integrity": "sha512-s0J9SEVYAEPg7J63GFMApLYzPH9VNIQIyC6s15JpnqVc0TqcKWdbgFlnAweEBRyMmko2dcs2sfC83Hj4J43tuA==",
      "dependencies": [
        "@ecies/ciphers",
        "@noble/ciphers",
        "@noble/curves",
        "@noble/hashes"
      ]
    },
    "jose@6.2.12": {
      "integrity": "sha512-9NiFmJEex0sy2Dk58j2UGBSHgUs2ypF9eZSu4L6vjOX3Dp96Sw1F3uL+H+D1sx02jZZdzUT0HgvCy59CuvXcWw=="
    },
    "supabase@2.120.0": {
      "integrity": "sha512-NF8ueHsOZMbyiFJARKbiZy9AhNtj5E5R49P+cVqlv2u/T2JpMtsvp29YgPgrIWkVUjsfhJseTmKEdckatSeWZQ==",
      "dependencies": [
        "eciesjs",
        "jose"
      ],
      "optionalDependencies": [
        "@supabase/cli-darwin-arm64",
        "@supabase/cli-darwin-x64",
        "@supabase/cli-linux-arm64",
        "@supabase/cli-linux-arm64-musl",
        "@supabase/cli-linux-x64",
        "@supabase/cli-linux-x64-musl",
        "@supabase/cli-windows-arm64",
        "@supabase/cli-windows-x64"
      ],
      "bin": true
    }
  }
}
